
Microsoft Visual Studio Solution File, Format Version 12.00
# Visual Studio Version 16
VisualStudioVersion = 16.0.28803.156
MinimumVisualStudioVersion = 10.0.40219.1
Project("{9A19103F-16F7-4668-BE54-9A1E7A4F7556}") = "ImageProcessingServer1", "IPS1\ImageProcessingServer1.csproj", "{9256D630-59EE-4202-9BE7-1274D7B2B201}"
EndProject
Project("{9A19103F-16F7-4668-BE54-9A1E7A4F7556}") = "ImageProcessingServer2", "IPS2\ImageProcessingServer2.csproj", "{F638D69C-83CE-404B-9DF6-06C22AD941C3}"
EndProject
Global
	GlobalSection(SolutionConfigurationPlatforms) = preSolution
		Debug|Any CPU = Debug|Any CPU
		Release|Any CPU = Release|Any CPU
	EndGlobalSection
	GlobalSection(ProjectConfigurationPlatforms) = postSolution
		{9256D630-59EE-4202-9BE7-1274D7B2B201}.Debug|Any CPU.ActiveCfg = Debug|Any CPU
		{9256D630-59EE-4202-9BE7-1274D7B2B201}.Debug|Any CPU.Build.0 = Debug|Any CPU
		{9256D630-59EE-4202-9BE7-1274D7B2B201}.Release|Any CPU.ActiveCfg = Release|Any CPU
		{9256D630-59EE-4202-9BE7-1274D7B2B201}.Release|Any CPU.Build.0 = Release|Any CPU
		{F638D69C-83CE-404B-9DF6-06C22AD941C3}.Debug|Any CPU.ActiveCfg = Debug|Any CPU
		{F638D69C-83CE-404B-9DF6-06C22AD941C3}.Debug|Any CPU.Build.0 = Debug|Any CPU
		{F638D69C-83CE-404B-9DF6-06C22AD941C3}.Release|Any CPU.ActiveCfg = Release|Any CPU
		{F638D69C-83CE-404B-9DF6-06C22AD941C3}.Release|Any CPU.Build.0 = Release|Any CPU
	EndGlobalSection
	GlobalSection(SolutionProperties) = preSolution
		HideSolutionNode = FALSE
	EndGlobalSection
	GlobalSection(ExtensibilityGlobals) = postSolution
		SolutionGuid = {A5F625E7-EB09-465F-9914-7B5AA759B280}
	EndGlobalSection
EndGlobal
